
Microsoft Visual Studio Solution File, Format Version 12.00
# Visual Studio Version 17
VisualStudioVersion = 17.9.34616.47
MinimumVisualStudioVersion = 10.0.40219.1
Project("{FAE04EC0-301F-11D3-BF4B-00C04F79EFBC}") = "ApplicationA", "ApplicationA\ApplicationA.csproj", "{5B2496DB-845E-4184-B216-77ECF66D57D0}"
EndProject
Project("{FAE04EC0-301F-11D3-BF4B-00C04F79EFBC}") = "ApplicationB", "ApplicationB\ApplicationB.csproj", "{F0706265-30EE-4885-BA7A-7EB6B41982D6}"
EndProject
Project("{FAE04EC0-301F-11D3-BF4B-00C04F79EFBC}") = "SomiodAPI", "SomiodAPI\SomiodAPI.csproj", "{53760BF0-1A59-4118-BFF3-B64D310010FA}"
EndProject
Project("{FAE04EC0-301F-11D3-BF4B-00C04F79EFBC}") = "FullApplication", "FullApplication\FullApplication.csproj", "{B8887E92-C4AC-44CC-8C12-E155D7C96B1B}"
EndProject
Global
	GlobalSection(SolutionConfigurationPlatforms) = preSolution
		Debug|Any CPU = Debug|Any CPU
		Release|Any CPU = Release|Any CPU
	EndGlobalSection
	GlobalSection(ProjectConfigurationPlatforms) = postSolution
		{5B2496DB-845E-4184-B216-77ECF66D57D0}.Debug|Any CPU.ActiveCfg = Debug|Any CPU
		{5B2496DB-845E-4184-B216-77ECF66D57D0}.Debug|Any CPU.Build.0 = Debug|Any CPU
		{5B2496DB-845E-4184-B216-77ECF66D57D0}.Release|Any CPU.ActiveCfg = Release|Any CPU
		{5B2496DB-845E-4184-B216-77ECF66D57D0}.Release|Any CPU.Build.0 = Release|Any CPU
		{F0706265-30EE-4885-BA7A-7EB6B41982D6}.Debug|Any CPU.ActiveCfg = Debug|Any CPU
		{F0706265-30EE-4885-BA7A-7EB6B41982D6}.Debug|Any CPU.Build.0 = Debug|Any CPU
		{F0706265-30EE-4885-BA7A-7EB6B41982D6}.Release|Any CPU.ActiveCfg = Release|Any CPU
		{F0706265-30EE-4885-BA7A-7EB6B41982D6}.Release|Any CPU.Build.0 = Release|Any CPU
		{53760BF0-1A59-4118-BFF3-B64D310010FA}.Debug|Any CPU.ActiveCfg = Debug|Any CPU
		{53760BF0-1A59-4118-BFF3-B64D310010FA}.Debug|Any CPU.Build.0 = Debug|Any CPU
		{53760BF0-1A59-4118-BFF3-B64D310010FA}.Release|Any CPU.ActiveCfg = Release|Any CPU
		{53760BF0-1A59-4118-BFF3-B64D310010FA}.Release|Any CPU.Build.0 = Release|Any CPU
		{B8887E92-C4AC-44CC-8C12-E155D7C96B1B}.Debug|Any CPU.ActiveCfg = Debug|Any CPU
		{B8887E92-C4AC-44CC-8C12-E155D7C96B1B}.Debug|Any CPU.Build.0 = Debug|Any CPU
		{B8887E92-C4AC-44CC-8C12-E155D7C96B1B}.Release|Any CPU.ActiveCfg = Release|Any CPU
		{B8887E92-C4AC-44CC-8C12-E155D7C96B1B}.Release|Any CPU.Build.0 = Release|Any CPU
	EndGlobalSection
	GlobalSection(SolutionProperties) = preSolution
		HideSolutionNode = FALSE
	EndGlobalSection
	GlobalSection(ExtensibilityGlobals) = postSolution
		SolutionGuid = {92D4A2FD-DEF6-483C-92B3-241E20BBF619}
	EndGlobalSection
EndGlobal
